// !$*UTF8*$!
{
	archiveVersion = 1;
	classes = {
	};
	objectVersion = 50;
	objects = {

/* Begin PBXBuildFile section */
		332FE7F821A1F4C700022911 /* AppDelegate.swift in Sources */ = {isa = PBXBuildFile; fileRef = 332FE7F721A1F4C700022911 /* AppDelegate.swift */; };
		332FE7FD21A1F4C700022911 /* Main.storyboard in Resources */ = {isa = PBXBuildFile; fileRef = 332FE7FB21A1F4C700022911 /* Main.storyboard */; };
		332FE7FF21A1F4C900022911 /* Assets.xcassets in Resources */ = {isa = PBXBuildFile; fileRef = 332FE7FE21A1F4C900022911 /* Assets.xcassets */; };
		332FE80221A1F4C900022911 /* LaunchScreen.storyboard in Resources */ = {isa = PBXBuildFile; fileRef = 332FE80021A1F4C900022911 /* LaunchScreen.storyboard */; };
		332FE80A21A1F5C000022911 /* QuizzesTableViewController.swift in Sources */ = {isa = PBXBuildFile; fileRef = 332FE80921A1F5C000022911 /* QuizzesTableViewController.swift */; };
		332FE80C21A21A6400022911 /* QuizzesTableViewCell.swift in Sources */ = {isa = PBXBuildFile; fileRef = 332FE80B21A21A6400022911 /* QuizzesTableViewCell.swift */; };
		332FE80E21A33B7300022911 /* QuizViewController.swift in Sources */ = {isa = PBXBuildFile; fileRef = 332FE80D21A33B7300022911 /* QuizViewController.swift */; };
		332FE81021A3588500022911 /* PistasTableViewController.swift in Sources */ = {isa = PBXBuildFile; fileRef = 332FE80F21A3588500022911 /* PistasTableViewController.swift */; };
/* End PBXBuildFile section */

/* Begin PBXFileReference section */
		332FE7F421A1F4C700022911 /* Quiz.app */ = {isa = PBXFileReference; explicitFileType = wrapper.application; includeInIndex = 0; path = Quiz.app; sourceTree = BUILT_PRODUCTS_DIR; };
		332FE7F721A1F4C700022911 /* AppDelegate.swift */ = {isa = PBXFileReference; lastKnownFileType = sourcecode.swift; path = AppDelegate.swift; sourceTree = "<group>"; };
		332FE7FC21A1F4C700022911 /* Base */ = {isa = PBXFileReference; lastKnownFileType = file.storyboard; name = Base; path = Base.lproj/Main.storyboard; sourceTree = "<group>"; };
		332FE7FE21A1F4C900022911 /* Assets.xcassets */ = {isa = PBXFileReference; lastKnownFileType = folder.assetcatalog; path = Assets.xcassets; sourceTree = "<group>"; };
		332FE80121A1F4C900022911 /* Base */ = {isa = PBXFileReference; lastKnownFileType = file.storyboard; name = Base; path = Base.lproj/LaunchScreen.storyboard; sourceTree = "<group>"; };
		332FE80321A1F4C900022911 /* Info.plist */ = {isa = PBXFileReference; lastKnownFileType = text.plist.xml; path = Info.plist; sourceTree = "<group>"; };
		332FE80921A1F5C000022911 /* QuizzesTableViewController.swift */ = {isa = PBXFileReference; lastKnownFileType = sourcecode.swift; path = QuizzesTableViewController.swift; sourceTree = "<group>"; };
		332FE80B21A21A6400022911 /* QuizzesTableViewCell.swift */ = {isa = PBXFileReference; lastKnownFileType = sourcecode.swift; path = QuizzesTableViewCell.swift; sourceTree = "<group>"; };
		332FE80D21A33B7300022911 /* QuizViewController.swift */ = {isa = PBXFileReference; lastKnownFileType = sourcecode.swift; path = QuizViewController.swift; sourceTree = "<group>"; };
		332FE80F21A3588500022911 /* PistasTableViewController.swift */ = {isa = PBXFileReference; lastKnownFileType = sourcecode.swift; path = PistasTableViewController.swift; sourceTree = "<group>"; };
/* End PBXFileReference section */

/* Begin PBXFrameworksBuildPhase section */
		332FE7F121A1F4C700022911 /* Frameworks */ = {
			isa = PBXFrameworksBuildPhase;
			buildActionMask = 2147483647;
			files = (
			);
			runOnlyForDeploymentPostprocessing = 0;
		};
/* End PBXFrameworksBuildPhase section */

/* Begin PBXGroup section */
		332FE7EB21A1F4C700022911 = {
			isa = PBXGroup;
			children = (
				332FE7F621A1F4C700022911 /* Quiz */,
				332FE7F521A1F4C700022911 /* Products */,
			);
			sourceTree = "<group>";
		};
		332FE7F521A1F4C700022911 /* Products */ = {
			isa = PBXGroup;
			children = (
				332FE7F421A1F4C700022911 /* Quiz.app */,
			);
			name = Products;
			sourceTree = "<group>";
		};
		332FE7F621A1F4C700022911 /* Quiz */ = {
			isa = PBXGroup;
			children = (
				332FE7F721A1F4C700022911 /* AppDelegate.swift */,
				332FE7FB21A1F4C700022911 /* Main.storyboard */,
				332FE7FE21A1F4C900022911 /* Assets.xcassets */,
				332FE80021A1F4C900022911 /* LaunchScreen.storyboard */,
				332FE80321A1F4C900022911 /* Info.plist */,
				332FE80921A1F5C000022911 /* QuizzesTableViewController.swift */,
				332FE80B21A21A6400022911 /* QuizzesTableViewCell.swift */,
				332FE80D21A33B7300022911 /* QuizViewController.swift */,
				332FE80F21A3588500022911 /* PistasTableViewController.swift */,
			);
			path = Quiz;
			sourceTree = "<group>";
		};
/* End PBXGroup section */

/* Begin PBXNativeTarget section */
		332FE7F321A1F4C700022911 /* Quiz */ = {
			isa = PBXNativeTarget;
			buildConfigurationList = 332FE80621A1F4C900022911 /* Build configuration list for PBXNativeTarget "Quiz" */;
			buildPhases = (
				332FE7F021A1F4C700022911 /* Sources */,
				332FE7F121A1F4C700022911 /* Frameworks */,
				332FE7F221A1F4C700022911 /* Resources */,
			);
			buildRules = (
			);
			dependencies = (
			);
			name = Quiz;
			productName = Quiz;
			productReference = 332FE7F421A1F4C700022911 /* Quiz.app */;
			productType = "com.apple.product-type.application";
		};
/* End PBXNativeTarget section */

/* Begin PBXProject section */
		332FE7EC21A1F4C700022911 /* Project object */ = {
			isa = PBXProject;
			attributes = {
				LastSwiftUpdateCheck = 0940;
				LastUpgradeCheck = 0940;
				ORGANIZATIONNAME = UPM;
				TargetAttributes = {
					332FE7F321A1F4C700022911 = {
						CreatedOnToolsVersion = 9.4.1;
					};
				};
			};
			buildConfigurationList = 332FE7EF21A1F4C700022911 /* Build configuration list for PBXProject "Quiz" */;
			compatibilityVersion = "Xcode 9.3";
			developmentRegion = en;
			hasScannedForEncodings = 0;
			knownRegions = (
				en,
				Base,
			);
			mainGroup = 332FE7EB21A1F4C700022911;
			productRefGroup = 332FE7F521A1F4C700022911 /* Products */;
			projectDirPath = "";
			projectRoot = "";
			targets = (
				332FE7F321A1F4C700022911 /* Quiz */,
			);
		};
/* End PBXProject section */

/* Begin PBXResourcesBuildPhase section */
		332FE7F221A1F4C700022911 /* Resources */ = {
			isa = PBXResourcesBuildPhase;
			buildActionMask = 2147483647;
			files = (
				332FE80221A1F4C900022911 /* LaunchScreen.storyboard in Resources */,
				332FE7FF21A1F4C900022911 /* Assets.xcassets in Resources */,
				332FE7FD21A1F4C700022911 /* Main.storyboard in Resources */,
			);
			runOnlyForDeploymentPostprocessing = 0;
		};
/* End PBXResourcesBuildPhase section */

/* Begin PBXSourcesBuildPhase section */
		332FE7F021A1F4C700022911 /* Sources */ = {
			isa = PBXSourcesBuildPhase;
			buildActionMask = 2147483647;
			files = (
				332FE80C21A21A6400022911 /* QuizzesTableViewCell.swift in Sources */,
				332FE80A21A1F5C000022911 /* QuizzesTableViewController.swift in Sources */,
				332FE7F821A1F4C700022911 /* AppDelegate.swift in Sources */,
				332FE80E21A33B7300022911 /* QuizViewController.swift in Sources */,
				332FE81021A3588500022911 /* PistasTableViewController.swift in Sources */,
			);
			runOnlyForDeploymentPostprocessing = 0;
		};
/* End PBXSourcesBuildPhase section */

/* Begin PBXVariantGroup section */
		332FE7FB21A1F4C700022911 /* Main.storyboard */ = {
			isa = PBXVariantGroup;
			children = (
				332FE7FC21A1F4C700022911 /* Base */,
			);
			name = Main.storyboard;
			sourceTree = "<group>";
		};
		332FE80021A1F4C900022911 /* LaunchScreen.storyboard */ = {
			isa = PBXVariantGroup;
			children = (
				332FE80121A1F4C900022911 /* Base */,
			);
			name = LaunchScreen.storyboard;
			sourceTree = "<group>";
		};
/* End PBXVariantGroup section */

/* Begin XCBuildConfiguration section */
		332FE80421A1F4C900022911 /* Debug */ = {
			isa = XCBuildConfiguration;
			buildSettings = {
				ALWAYS_SEARCH_USER_PATHS = NO;
				CLANG_ANALYZER_NONNULL = YES;
				CLANG_ANALYZER_NUMBER_OBJECT_CONVERSION = YES_AGGRESSIVE;
				CLANG_CXX_LANGUAGE_STANDARD = "gnu++14";
				CLANG_CXX_LIBRARY = "libc++";
				CLANG_ENABLE_MODULES = YES;
				CLANG_ENABLE_OBJC_ARC = YES;
				CLANG_ENABLE_OBJC_WEAK = YES;
				CLANG_WARN_BLOCK_CAPTURE_AUTORELEASING = YES;
				CLANG_WARN_BOOL_CONVERSION = YES;
				CLANG_WARN_COMMA = YES;
				CLANG_WARN_CONSTANT_CONVERSION = YES;
				CLANG_WARN_DEPRECATED_OBJC_IMPLEMENTATIONS = YES;
				CLANG_WARN_DIRECT_OBJC_ISA_USAGE = YES_ERROR;
				CLANG_WARN_DOCUMENTATION_COMMENTS = YES;
				CLANG_WARN_EMPTY_BODY = YES;
				CLANG_WARN_ENUM_CONVERSION = YES;
				CLANG_WARN_INFINITE_RECURSION = YES;
				CLANG_WARN_INT_CONVERSION = YES;
				CLANG_WARN_NON_LITERAL_NULL_CONVERSION = YES;
				CLANG_WARN_OBJC_IMPLICIT_RETAIN_SELF = YES;
				CLANG_WARN_OBJC_LITERAL_CONVERSION = YES;
				CLANG_WARN_OBJC_ROOT_CLASS = YES_ERROR;
				CLANG_WARN_RANGE_LOOP_ANALYSIS = YES;
				CLANG_WARN_STRICT_PROTOTYPES = YES;
				CLANG_WARN_SUSPICIOUS_MOVE = YES;
				CLANG_WARN_UNGUARDED_AVAILABILITY = YES_AGGRESSIVE;
				CLANG_WARN_UNREACHABLE_CODE = YES;
				CLANG_WARN__DUPLICATE_METHOD_MATCH = YES;
				CODE_SIGN_IDENTITY = "iPhone Developer";
				COPY_PHASE_STRIP = NO;
				DEBUG_INFORMATION_FORMAT = dwarf;
				ENABLE_STRICT_OBJC_MSGSEND = YES;
				ENABLE_TESTABILITY = YES;
				GCC_C_LANGUAGE_STANDARD = gnu11;
				GCC_DYNAMIC_NO_PIC = NO;
				GCC_NO_COMMON_BLOCKS = YES;
				GCC_OPTIMIZATION_LEVEL = 0;
				GCC_PREPROCESSOR_DEFINITIONS = (
					"DEBUG=1",
					"$(inherited)",
				);
				GCC_WARN_64_TO_32_BIT_CONVERSION = YES;
				GCC_WARN_ABOUT_RETURN_TYPE = YES_ERROR;
				GCC_WARN_UNDECLARED_SELECTOR = YES;
				GCC_WARN_UNINITIALIZED_AUTOS = YES_AGGRESSIVE;
				GCC_WARN_UNUSED_FUNCTION = YES;
				GCC_WARN_UNUSED_VARIABLE = YES;
				IPHONEOS_DEPLOYMENT_TARGET = 11.4;
				MTL_ENABLE_DEBUG_INFO = YES;
				ONLY_ACTIVE_ARCH = YES;
				SDKROOT = iphoneos;
				SWIFT_ACTIVE_COMPILATION_CONDITIONS = DEBUG;
				SWIFT_OPTIMIZATION_LEVEL = "-Onone";
			};
			name = Debug;
		};
		332FE80521A1F4C900022911 /* Release */ = {
			isa = XCBuildConfiguration;
			buildSettings = {
				ALWAYS_SEARCH_USER_PATHS = NO;
				CLANG_ANALYZER_NONNULL = YES;
				CLANG_ANALYZER_NUMBER_OBJECT_CONVERSION = YES_AGGRESSIVE;
				CLANG_CXX_LANGUAGE_STANDARD = "gnu++14";
				CLANG_CXX_LIBRARY = "libc++";
				CLANG_ENABLE_MODULES = YES;
				CLANG_ENABLE_OBJC_ARC = YES;
				CLANG_ENABLE_OBJC_WEAK = YES;
				CLANG_WARN_BLOCK_CAPTURE_AUTORELEASING = YES;
				CLANG_WARN_BOOL_CONVERSION = YES;
				CLANG_WARN_COMMA = YES;
				CLANG_WARN_CONSTANT_CONVERSION = YES;
				CLANG_WARN_DEPRECATED_OBJC_IMPLEMENTATIONS = YES;
				CLANG_WARN_DIRECT_OBJC_ISA_USAGE = YES_ERROR;
				CLANG_WARN_DOCUMENTATION_COMMENTS = YES;
				CLANG_WARN_EMPTY_BODY = YES;
				CLANG_WARN_ENUM_CONVERSION = YES;
				CLANG_WARN_INFINITE_RECURSION = YES;
				CLANG_WARN_INT_CONVERSION = YES;
				CLANG_WARN_NON_LITERAL_NULL_CONVERSION = YES;
				CLANG_WARN_OBJC_IMPLICIT_RETAIN_SELF = YES;
				CLANG_WARN_OBJC_LITERAL_CONVERSION = YES;
				CLANG_WARN_OBJC_ROOT_CLASS = YES_ERROR;
				CLANG_WARN_RANGE_LOOP_ANALYSIS = YES;
				CLANG_WARN_STRICT_PROTOTYPES = YES;
				CLANG_WARN_SUSPICIOUS_MOVE = YES;
				CLANG_WARN_UNGUARDED_AVAILABILITY = YES_AGGRESSIVE;
				CLANG_WARN_UNREACHABLE_CODE = YES;
				CLANG_WARN__DUPLICATE_METHOD_MATCH = YES;
				CODE_SIGN_IDENTITY = "iPhone Developer";
				COPY_PHASE_STRIP = NO;
				DEBUG_INFORMATION_FORMAT = "dwarf-with-dsym";
				ENABLE_NS_ASSERTIONS = NO;
				ENABLE_STRICT_OBJC_MSGSEND = YES;
				GCC_C_LANGUAGE_STANDARD = gnu11;
				GCC_NO_COMMON_BLOCKS = YES;
				GCC_WARN_64_TO_32_BIT_CONVERSION = YES;
				GCC_WARN_ABOUT_RETURN_TYPE = YES_ERROR;
				GCC_WARN_UNDECLARED_SELECTOR = YES;
				GCC_WARN_UNINITIALIZED_AUTOS = YES_AGGRESSIVE;
				GCC_WARN_UNUSED_FUNCTION = YES;
				GCC_WARN_UNUSED_VARIABLE = YES;
				IPHONEOS_DEPLOYMENT_TARGET = 11.4;
				MTL_ENABLE_DEBUG_INFO = NO;
				SDKROOT = iphoneos;
				SWIFT_COMPILATION_MODE = wholemodule;
				SWIFT_OPTIMIZATION_LEVEL = "-O";
				VALIDATE_PRODUCT = YES;
			};
			name = Release;
		};
		332FE80721A1F4C900022911 /* Debug */ = {
			isa = XCBuildConfiguration;
			buildSettings = {
				ASSETCATALOG_COMPILER_APPICON_NAME = AppIcon;
				CODE_SIGN_STYLE = Automatic;
				INFOPLIST_FILE = Quiz/Info.plist;
				LD_RUNPATH_SEARCH_PATHS = (
					"$(inherited)",
					"@executable_path/Frameworks",
				);
				PRODUCT_BUNDLE_IDENTIFIER = es.upm.dcb.Quiz;
				PRODUCT_NAME = "$(TARGET_NAME)";
				SWIFT_VERSION = 4.0;
				TARGETED_DEVICE_FAMILY = "1,2";
			};
			name = Debug;
		};
		332FE80821A1F4C900022911 /* Release */ = {
			isa = XCBuildConfiguration;
			buildSettings = {
				ASSETCATALOG_COMPILER_APPICON_NAME = AppIcon;
				CODE_SIGN_STYLE = Automatic;
				INFOPLIST_FILE = Quiz/Info.plist;
				LD_RUNPATH_SEARCH_PATHS = (
					"$(inherited)",
					"@executable_path/Frameworks",
				);
				PRODUCT_BUNDLE_IDENTIFIER = es.upm.dcb.Quiz;
				PRODUCT_NAME = "$(TARGET_NAME)";
				SWIFT_VERSION = 4.0;
				TARGETED_DEVICE_FAMILY = "1,2";
			};
			name = Release;
		};
/* End XCBuildConfiguration section */

/* Begin XCConfigurationList section */
		332FE7EF21A1F4C700022911 /* Build configuration list for PBXProject "Quiz" */ = {
			isa = XCConfigurationList;
			buildConfigurations = (
				332FE80421A1F4C900022911 /* Debug */,
				332FE80521A1F4C900022911 /* Release */,
			);
			defaultConfigurationIsVisible = 0;
			defaultConfigurationName = Release;
		};
		332FE80621A1F4C900022911 /* Build configuration list for PBXNativeTarget "Quiz" */ = {
			isa = XCConfigurationList;
			buildConfigurations = (
				332FE80721A1F4C900022911 /* Debug */,
				332FE80821A1F4C900022911 /* Release */,
			);
			defaultConfigurationIsVisible = 0;
			defaultConfigurationName = Release;
		};
/* End XCConfigurationList section */
	};
	rootObject = 332FE7EC21A1F4C700022911 /* Project object */;
}
